<?xml version="1.0" encoding="utf-8"?>
<Project ToolsVersion="4.0" xmlns="http://schemas.microsoft.com/developer/msbuild/2003">
  <ItemGroup>
    <Filter Include="sources">
      <UniqueIdentifier>{4FC737F1-C7A5-4376-A066-2A32D752A2FF}</UniqueIdentifier>
      <Extensions>cpp;c;cc;cxx;def;odl;idl;hpj;bat;asm;asmx</Extensions>
    </Filter>
    <Filter Include="imgui">
      <UniqueIdentifier>{a82cba23-9de0-45c2-b1e3-2eb1666702de}</UniqueIdentifier>
    </Filter>
    <Filter Include="sources\custom">
      <UniqueIdentifier>{ce597925-229a-4cf7-8f62-e8e18fcd14f5}</UniqueIdentifier>
    </Filter>
  </ItemGroup>
  <ItemGroup>
    <ClCompile Include="main.cpp">
      <Filter>sources</Filter>
    </ClCompile>
    <ClCompile Include="..\..\imgui.cpp">
      <Filter>imgui</Filter>
    </ClCompile>
    <ClCompile Include="..\..\imgui_demo.cpp">
      <Filter>imgui</Filter>
    </ClCompile>
    <ClCompile Include="..\..\imgui_draw.cpp">
      <Filter>imgui</Filter>
    </ClCompile>
    <ClCompile Include="..\..\backends\imgui_impl_win32.cpp">
      <Filter>sources</Filter>
    </ClCompile>
    <ClCompile Include="..\..\backends\imgui_impl_dx9.cpp">
      <Filter>sources</Filter>
    </ClCompile>
    <ClCompile Include="..\..\imgui_tables.cpp">
      <Filter>imgui</Filter>
    </ClCompile>
    <ClCompile Include="..\..\imgui_widgets.cpp">
      <Filter>imgui</Filter>
    </ClCompile>
    <ClCompile Include="custom.cpp">
      <Filter>sources\custom</Filter>
    </ClCompile>
    <ClCompile Include="animation_controller.cpp">
      <Filter>sources</Filter>
    </ClCompile>
    <ClCompile Include="child_controller.cpp">
      <Filter>sources</Filter>
    </ClCompile>
    <ClCompile Include="elem_button.cpp">
      <Filter>sources</Filter>
    </ClCompile>
    <ClCompile Include="elem_checkbox.cpp">
      <Filter>sources</Filter>
    </ClCompile>
    <ClCompile Include="elem_colorpicker.cpp">
      <Filter>sources</Filter>
    </ClCompile>
    <ClCompile Include="elem_dropdown.cpp">
      <Filter>sources</Filter>
    </ClCompile>
    <ClCompile Include="elem_keybind.cpp">
      <Filter>sources</Filter>
    </ClCompile>
    <ClCompile Include="elem_label.cpp">
      <Filter>sources</Filter>
    </ClCompile>
    <ClCompile Include="elem_multiselect.cpp">
      <Filter>sources</Filter>
    </ClCompile>
    <ClCompile Include="elem_slide_select.cpp">
      <Filter>sources</Filter>
    </ClCompile>
    <ClCompile Include="elem_slider.cpp">
      <Filter>sources</Filter>
    </ClCompile>
    <ClCompile Include="elem_textinput.cpp">
      <Filter>sources</Filter>
    </ClCompile>
    <ClCompile Include="render_wrapper.cpp">
      <Filter>sources</Filter>
    </ClCompile>
    <ClCompile Include="tab_controller.cpp">
      <Filter>sources</Filter>
    </ClCompile>
    <ClCompile Include="window.cpp">
      <Filter>sources</Filter>
    </ClCompile>
  </ItemGroup>
  <ItemGroup>
    <ClInclude Include="..\..\imconfig.h">
      <Filter>imgui</Filter>
    </ClInclude>
    <ClInclude Include="..\..\imgui.h">
      <Filter>imgui</Filter>
    </ClInclude>
    <ClInclude Include="..\..\imgui_internal.h">
      <Filter>imgui</Filter>
    </ClInclude>
    <ClInclude Include="..\..\backends\imgui_impl_win32.h">
      <Filter>sources</Filter>
    </ClInclude>
    <ClInclude Include="..\..\backends\imgui_impl_dx9.h">
      <Filter>sources</Filter>
    </ClInclude>
    <ClInclude Include="custom.hpp">
      <Filter>sources\custom</Filter>
    </ClInclude>
    <ClInclude Include="bytes.hpp">
      <Filter>sources</Filter>
    </ClInclude>
    <ClInclude Include="tinyformat.h" />
    <ClInclude Include="animation_controller.hpp" />
    <ClInclude Include="color_pallete.hpp" />
    <ClInclude Include="content_controller.hpp" />
    <ClInclude Include="fa icons.hpp" />
    <ClInclude Include="fa_font.hpp" />
    <ClInclude Include="kanit extralight.hpp" />
    <ClInclude Include="kanit regular.hpp" />
    <ClInclude Include="kanit semibold.hpp" />
    <ClInclude Include="render_wrapper.hpp" />
    <ClInclude Include="window.hpp" />
    <ClInclude Include="util.hpp" />
  </ItemGroup>
  <ItemGroup>
    <None Include="..\README.txt" />
    <None Include="..\..\misc\debuggers\imgui.natvis">
      <Filter>imgui</Filter>
    </None>
    <None Include="..\..\misc\debuggers\imgui.natstepfilter">
      <Filter>imgui</Filter>
    </None>
  </ItemGroup>
</Project>